// !$*UTF8*$!
{
	archiveVersion = 1;
	classes = {
	};
	objectVersion = 56;
	objects = {

/* Begin PBXBuildFile section */
		5E02D26B2B6EBE4B004A003E /* AppDelegate.swift in Sources */ = {isa = PBXBuildFile; fileRef = 5E02D26A2B6EBE4B004A003E /* AppDelegate.swift */; };
		5E02D26D2B6EBE4B004A003E /* SceneDelegate.swift in Sources */ = {isa = PBXBuildFile; fileRef = 5E02D26C2B6EBE4B004A003E /* SceneDelegate.swift */; };
		5E02D26F2B6EBE4B004A003E /* ViewController.swift in Sources */ = {isa = PBXBuildFile; fileRef = 5E02D26E2B6EBE4B004A003E /* ViewController.swift */; };
		5E02D2722B6EBE4B004A003E /* Main.storyboard in Resources */ = {isa = PBXBuildFile; fileRef = 5E02D2702B6EBE4B004A003E /* Main.storyboard */; };
		5E02D2742B6EBE4D004A003E /* Assets.xcassets in Resources */ = {isa = PBXBuildFile; fileRef = 5E02D2732B6EBE4D004A003E /* Assets.xcassets */; };
		5E02D2772B6EBE4D004A003E /* LaunchScreen.storyboard in Resources */ = {isa = PBXBuildFile; fileRef = 5E02D2752B6EBE4D004A003E /* LaunchScreen.storyboard */; };
		5E02D2822B6EBE4D004A003E /* Teste_iOS_AiqTests.swift in Sources */ = {isa = PBXBuildFile; fileRef = 5E02D2812B6EBE4D004A003E /* Teste_iOS_AiqTests.swift */; };
		5E02D28C2B6EBE4D004A003E /* Teste_iOS_AiqUITests.swift in Sources */ = {isa = PBXBuildFile; fileRef = 5E02D28B2B6EBE4D004A003E /* Teste_iOS_AiqUITests.swift */; };
		5E02D28E2B6EBE4D004A003E /* Teste_iOS_AiqUITestsLaunchTests.swift in Sources */ = {isa = PBXBuildFile; fileRef = 5E02D28D2B6EBE4D004A003E /* Teste_iOS_AiqUITestsLaunchTests.swift */; };
/* End PBXBuildFile section */

/* Begin PBXContainerItemProxy section */
		5E02D27E2B6EBE4D004A003E /* PBXContainerItemProxy */ = {
			isa = PBXContainerItemProxy;
			containerPortal = 5E02D25F2B6EBE4B004A003E /* Project object */;
			proxyType = 1;
			remoteGlobalIDString = 5E02D2662B6EBE4B004A003E;
			remoteInfo = "Teste iOS Aiq";
		};
		5E02D2882B6EBE4D004A003E /* PBXContainerItemProxy */ = {
			isa = PBXContainerItemProxy;
			containerPortal = 5E02D25F2B6EBE4B004A003E /* Project object */;
			proxyType = 1;
			remoteGlobalIDString = 5E02D2662B6EBE4B004A003E;
			remoteInfo = "Teste iOS Aiq";
		};
/* End PBXContainerItemProxy section */

/* Begin PBXFileReference section */
		5E02D2672B6EBE4B004A003E /* Teste iOS Aiq.app */ = {isa = PBXFileReference; explicitFileType = wrapper.application; includeInIndex = 0; path = "Teste iOS Aiq.app"; sourceTree = BUILT_PRODUCTS_DIR; };
		5E02D26A2B6EBE4B004A003E /* AppDelegate.swift */ = {isa = PBXFileReference; lastKnownFileType = sourcecode.swift; path = AppDelegate.swift; sourceTree = "<group>"; };
		5E02D26C2B6EBE4B004A003E /* SceneDelegate.swift */ = {isa = PBXFileReference; lastKnownFileType = sourcecode.swift; path = SceneDelegate.swift; sourceTree = "<group>"; };
		5E02D26E2B6EBE4B004A003E /* ViewController.swift */ = {isa = PBXFileReference; lastKnownFileType = sourcecode.swift; path = ViewController.swift; sourceTree = "<group>"; };
		5E02D2712B6EBE4B004A003E /* Base */ = {isa = PBXFileReference; lastKnownFileType = file.storyboard; name = Base; path = Base.lproj/Main.storyboard; sourceTree = "<group>"; };
		5E02D2732B6EBE4D004A003E /* Assets.xcassets */ = {isa = PBXFileReference; lastKnownFileType = folder.assetcatalog; path = Assets.xcassets; sourceTree = "<group>"; };
		5E02D2762B6EBE4D004A003E /* Base */ = {isa = PBXFileReference; lastKnownFileType = file.storyboard; name = Base; path = Base.lproj/LaunchScreen.storyboard; sourceTree = "<group>"; };
		5E02D2782B6EBE4D004A003E /* Info.plist */ = {isa = PBXFileReference; lastKnownFileType = text.plist.xml; path = Info.plist; sourceTree = "<group>"; };
		5E02D27D2B6EBE4D004A003E /* Teste iOS AiqTests.xctest */ = {isa = PBXFileReference; explicitFileType = wrapper.cfbundle; includeInIndex = 0; path = "Teste iOS AiqTests.xctest"; sourceTree = BUILT_PRODUCTS_DIR; };
		5E02D2812B6EBE4D004A003E /* Teste_iOS_AiqTests.swift */ = {isa = PBXFileReference; lastKnownFileType = sourcecode.swift; path = Teste_iOS_AiqTests.swift; sourceTree = "<group>"; };
		5E02D2872B6EBE4D004A003E /* Teste iOS AiqUITests.xctest */ = {isa = PBXFileReference; explicitFileType = wrapper.cfbundle; includeInIndex = 0; path = "Teste iOS AiqUITests.xctest"; sourceTree = BUILT_PRODUCTS_DIR; };
		5E02D28B2B6EBE4D004A003E /* Teste_iOS_AiqUITests.swift */ = {isa = PBXFileReference; lastKnownFileType = sourcecode.swift; path = Teste_iOS_AiqUITests.swift; sourceTree = "<group>"; };
		5E02D28D2B6EBE4D004A003E /* Teste_iOS_AiqUITestsLaunchTests.swift */ = {isa = PBXFileReference; lastKnownFileType = sourcecode.swift; path = Teste_iOS_AiqUITestsLaunchTests.swift; sourceTree = "<group>"; };
/* End PBXFileReference section */

/* Begin PBXFrameworksBuildPhase section */
		5E02D2642B6EBE4B004A003E /* Frameworks */ = {
			isa = PBXFrameworksBuildPhase;
			buildActionMask = 2147483647;
			files = (
			);
			runOnlyForDeploymentPostprocessing = 0;
		};
		5E02D27A2B6EBE4D004A003E /* Frameworks */ = {
			isa = PBXFrameworksBuildPhase;
			buildActionMask = 2147483647;
			files = (
			);
			runOnlyForDeploymentPostprocessing = 0;
		};
		5E02D2842B6EBE4D004A003E /* Frameworks */ = {
			isa = PBXFrameworksBuildPhase;
			buildActionMask = 2147483647;
			files = (
			);
			runOnlyForDeploymentPostprocessing = 0;
		};
/* End PBXFrameworksBuildPhase section */

/* Begin PBXGroup section */
		5E02D25E2B6EBE4B004A003E = {
			isa = PBXGroup;
			children = (
				5E02D2692B6EBE4B004A003E /* Teste iOS Aiq */,
				5E02D2802B6EBE4D004A003E /* Teste iOS AiqTests */,
				5E02D28A2B6EBE4D004A003E /* Teste iOS AiqUITests */,
				5E02D2682B6EBE4B004A003E /* Products */,
			);
			sourceTree = "<group>";
		};
		5E02D2682B6EBE4B004A003E /* Products */ = {
			isa = PBXGroup;
			children = (
				5E02D2672B6EBE4B004A003E /* Teste iOS Aiq.app */,
				5E02D27D2B6EBE4D004A003E /* Teste iOS AiqTests.xctest */,
				5E02D2872B6EBE4D004A003E /* Teste iOS AiqUITests.xctest */,
			);
			name = Products;
			sourceTree = "<group>";
		};
		5E02D2692B6EBE4B004A003E /* Teste iOS Aiq */ = {
			isa = PBXGroup;
			children = (
				5E02D26A2B6EBE4B004A003E /* AppDelegate.swift */,
				5E02D26C2B6EBE4B004A003E /* SceneDelegate.swift */,
				5E02D26E2B6EBE4B004A003E /* ViewController.swift */,
				5E02D2702B6EBE4B004A003E /* Main.storyboard */,
				5E02D2732B6EBE4D004A003E /* Assets.xcassets */,
				5E02D2752B6EBE4D004A003E /* LaunchScreen.storyboard */,
				5E02D2782B6EBE4D004A003E /* Info.plist */,
			);
			path = "Teste iOS Aiq";
			sourceTree = "<group>";
		};
		5E02D2802B6EBE4D004A003E /* Teste iOS AiqTests */ = {
			isa = PBXGroup;
			children = (
				5E02D2812B6EBE4D004A003E /* Teste_iOS_AiqTests.swift */,
			);
			path = "Teste iOS AiqTests";
			sourceTree = "<group>";
		};
		5E02D28A2B6EBE4D004A003E /* Teste iOS AiqUITests */ = {
			isa = PBXGroup;
			children = (
				5E02D28B2B6EBE4D004A003E /* Teste_iOS_AiqUITests.swift */,
				5E02D28D2B6EBE4D004A003E /* Teste_iOS_AiqUITestsLaunchTests.swift */,
			);
			path = "Teste iOS AiqUITests";
			sourceTree = "<group>";
		};
/* End PBXGroup section */

/* Begin PBXNativeTarget section */
		5E02D2662B6EBE4B004A003E /* Teste iOS Aiq */ = {
			isa = PBXNativeTarget;
			buildConfigurationList = 5E02D2912B6EBE4D004A003E /* Build configuration list for PBXNativeTarget "Teste iOS Aiq" */;
			buildPhases = (
				5E02D2632B6EBE4B004A003E /* Sources */,
				5E02D2642B6EBE4B004A003E /* Frameworks */,
				5E02D2652B6EBE4B004A003E /* Resources */,
			);
			buildRules = (
			);
			dependencies = (
			);
			name = "Teste iOS Aiq";
			productName = "Teste iOS Aiq";
			productReference = 5E02D2672B6EBE4B004A003E /* Teste iOS Aiq.app */;
			productType = "com.apple.product-type.application";
		};
		5E02D27C2B6EBE4D004A003E /* Teste iOS AiqTests */ = {
			isa = PBXNativeTarget;
			buildConfigurationList = 5E02D2942B6EBE4D004A003E /* Build configuration list for PBXNativeTarget "Teste iOS AiqTests" */;
			buildPhases = (
				5E02D2792B6EBE4D004A003E /* Sources */,
				5E02D27A2B6EBE4D004A003E /* Frameworks */,
				5E02D27B2B6EBE4D004A003E /* Resources */,
			);
			buildRules = (
			);
			dependencies = (
				5E02D27F2B6EBE4D004A003E /* PBXTargetDependency */,
			);
			name = "Teste iOS AiqTests";
			productName = "Teste iOS AiqTests";
			productReference = 5E02D27D2B6EBE4D004A003E /* Teste iOS AiqTests.xctest */;
			productType = "com.apple.product-type.bundle.unit-test";
		};
		5E02D2862B6EBE4D004A003E /* Teste iOS AiqUITests */ = {
			isa = PBXNativeTarget;
			buildConfigurationList = 5E02D2972B6EBE4D004A003E /* Build configuration list for PBXNativeTarget "Teste iOS AiqUITests" */;
			buildPhases = (
				5E02D2832B6EBE4D004A003E /* Sources */,
				5E02D2842B6EBE4D004A003E /* Frameworks */,
				5E02D2852B6EBE4D004A003E /* Resources */,
			);
			buildRules = (
			);
			dependencies = (
				5E02D2892B6EBE4D004A003E /* PBXTargetDependency */,
			);
			name = "Teste iOS AiqUITests";
			productName = "Teste iOS AiqUITests";
			productReference = 5E02D2872B6EBE4D004A003E /* Teste iOS AiqUITests.xctest */;
			productType = "com.apple.product-type.bundle.ui-testing";
		};
/* End PBXNativeTarget section */

/* Begin PBXProject section */
		5E02D25F2B6EBE4B004A003E /* Project object */ = {
			isa = PBXProject;
			attributes = {
				BuildIndependentTargetsInParallel = 1;
				LastSwiftUpdateCheck = 1520;
				LastUpgradeCheck = 1520;
				TargetAttributes = {
					5E02D2662B6EBE4B004A003E = {
						CreatedOnToolsVersion = 15.2;
					};
					5E02D27C2B6EBE4D004A003E = {
						CreatedOnToolsVersion = 15.2;
						TestTargetID = 5E02D2662B6EBE4B004A003E;
					};
					5E02D2862B6EBE4D004A003E = {
						CreatedOnToolsVersion = 15.2;
						TestTargetID = 5E02D2662B6EBE4B004A003E;
					};
				};
			};
			buildConfigurationList = 5E02D2622B6EBE4B004A003E /* Build configuration list for PBXProject "Teste iOS Aiq" */;
			compatibilityVersion = "Xcode 14.0";
			developmentRegion = en;
			hasScannedForEncodings = 0;
			knownRegions = (
				en,
				Base,
			);
			mainGroup = 5E02D25E2B6EBE4B004A003E;
			productRefGroup = 5E02D2682B6EBE4B004A003E /* Products */;
			projectDirPath = "";
			projectRoot = "";
			targets = (
				5E02D2662B6EBE4B004A003E /* Teste iOS Aiq */,
				5E02D27C2B6EBE4D004A003E /* Teste iOS AiqTests */,
				5E02D2862B6EBE4D004A003E /* Teste iOS AiqUITests */,
			);
		};
/* End PBXProject section */

/* Begin PBXResourcesBuildPhase section */
		5E02D2652B6EBE4B004A003E /* Resources */ = {
			isa = PBXResourcesBuildPhase;
			buildActionMask = 2147483647;
			files = (
				5E02D2772B6EBE4D004A003E /* LaunchScreen.storyboard in Resources */,
				5E02D2742B6EBE4D004A003E /* Assets.xcassets in Resources */,
				5E02D2722B6EBE4B004A003E /* Main.storyboard in Resources */,
			);
			runOnlyForDeploymentPostprocessing = 0;
		};
		5E02D27B2B6EBE4D004A003E /* Resources */ = {
			isa = PBXResourcesBuildPhase;
			buildActionMask = 2147483647;
			files = (
			);
			runOnlyForDeploymentPostprocessing = 0;
		};
		5E02D2852B6EBE4D004A003E /* Resources */ = {
			isa = PBXResourcesBuildPhase;
			buildActionMask = 2147483647;
			files = (
			);
			runOnlyForDeploymentPostprocessing = 0;
		};
/* End PBXResourcesBuildPhase section */

/* Begin PBXSourcesBuildPhase section */
		5E02D2632B6EBE4B004A003E /* Sources */ = {
			isa = PBXSourcesBuildPhase;
			buildActionMask = 2147483647;
			files = (
				5E02D26F2B6EBE4B004A003E /* ViewController.swift in Sources */,
				5E02D26B2B6EBE4B004A003E /* AppDelegate.swift in Sources */,
				5E02D26D2B6EBE4B004A003E /* SceneDelegate.swift in Sources */,
			);
			runOnlyForDeploymentPostprocessing = 0;
		};
		5E02D2792B6EBE4D004A003E /* Sources */ = {
			isa = PBXSourcesBuildPhase;
			buildActionMask = 2147483647;
			files = (
				5E02D2822B6EBE4D004A003E /* Teste_iOS_AiqTests.swift in Sources */,
			);
			runOnlyForDeploymentPostprocessing = 0;
		};
		5E02D2832B6EBE4D004A003E /* Sources */ = {
			isa = PBXSourcesBuildPhase;
			buildActionMask = 2147483647;
			files = (
				5E02D28E2B6EBE4D004A003E /* Teste_iOS_AiqUITestsLaunchTests.swift in Sources */,
				5E02D28C2B6EBE4D004A003E /* Teste_iOS_AiqUITests.swift in Sources */,
			);
			runOnlyForDeploymentPostprocessing = 0;
		};
/* End PBXSourcesBuildPhase section */

/* Begin PBXTargetDependency section */
		5E02D27F2B6EBE4D004A003E /* PBXTargetDependency */ = {
			isa = PBXTargetDependency;
			target = 5E02D2662B6EBE4B004A003E /* Teste iOS Aiq */;
			targetProxy = 5E02D27E2B6EBE4D004A003E /* PBXContainerItemProxy */;
		};
		5E02D2892B6EBE4D004A003E /* PBXTargetDependency */ = {
			isa = PBXTargetDependency;
			target = 5E02D2662B6EBE4B004A003E /* Teste iOS Aiq */;
			targetProxy = 5E02D2882B6EBE4D004A003E /* PBXContainerItemProxy */;
		};
/* End PBXTargetDependency section */

/* Begin PBXVariantGroup section */
		5E02D2702B6EBE4B004A003E /* Main.storyboard */ = {
			isa = PBXVariantGroup;
			children = (
				5E02D2712B6EBE4B004A003E /* Base */,
			);
			name = Main.storyboard;
			sourceTree = "<group>";
		};
		5E02D2752B6EBE4D004A003E /* LaunchScreen.storyboard */ = {
			isa = PBXVariantGroup;
			children = (
				5E02D2762B6EBE4D004A003E /* Base */,
			);
			name = LaunchScreen.storyboard;
			sourceTree = "<group>";
		};
/* End PBXVariantGroup section */

/* Begin XCBuildConfiguration section */
		5E02D28F2B6EBE4D004A003E /* Debug */ = {
			isa = XCBuildConfiguration;
			buildSettings = {
				ALWAYS_SEARCH_USER_PATHS = NO;
				ASSETCATALOG_COMPILER_GENERATE_SWIFT_ASSET_SYMBOL_EXTENSIONS = YES;
				CLANG_ANALYZER_NONNULL = YES;
				CLANG_ANALYZER_NUMBER_OBJECT_CONVERSION = YES_AGGRESSIVE;
				CLANG_CXX_LANGUAGE_STANDARD = "gnu++20";
				CLANG_ENABLE_MODULES = YES;
				CLANG_ENABLE_OBJC_ARC = YES;
				CLANG_ENABLE_OBJC_WEAK = YES;
				CLANG_WARN_BLOCK_CAPTURE_AUTORELEASING = YES;
				CLANG_WARN_BOOL_CONVERSION = YES;
				CLANG_WARN_COMMA = YES;
				CLANG_WARN_CONSTANT_CONVERSION = YES;
				CLANG_WARN_DEPRECATED_OBJC_IMPLEMENTATIONS = YES;
				CLANG_WARN_DIRECT_OBJC_ISA_USAGE = YES_ERROR;
				CLANG_WARN_DOCUMENTATION_COMMENTS = YES;
				CLANG_WARN_EMPTY_BODY = YES;
				CLANG_WARN_ENUM_CONVERSION = YES;
				CLANG_WARN_INFINITE_RECURSION = YES;
				CLANG_WARN_INT_CONVERSION = YES;
				CLANG_WARN_NON_LITERAL_NULL_CONVERSION = YES;
				CLANG_WARN_OBJC_IMPLICIT_RETAIN_SELF = YES;
				CLANG_WARN_OBJC_LITERAL_CONVERSION = YES;
				CLANG_WARN_OBJC_ROOT_CLASS = YES_ERROR;
				CLANG_WARN_QUOTED_INCLUDE_IN_FRAMEWORK_HEADER = YES;
				CLANG_WARN_RANGE_LOOP_ANALYSIS = YES;
				CLANG_WARN_STRICT_PROTOTYPES = YES;
				CLANG_WARN_SUSPICIOUS_MOVE = YES;
				CLANG_WARN_UNGUARDED_AVAILABILITY = YES_AGGRESSIVE;
				CLANG_WARN_UNREACHABLE_CODE = YES;
				CLANG_WARN__DUPLICATE_METHOD_MATCH = YES;
				COPY_PHASE_STRIP = NO;
				DEBUG_INFORMATION_FORMAT = dwarf;
				ENABLE_STRICT_OBJC_MSGSEND = YES;
				ENABLE_TESTABILITY = YES;
				ENABLE_USER_SCRIPT_SANDBOXING = YES;
				GCC_C_LANGUAGE_STANDARD = gnu17;
				GCC_DYNAMIC_NO_PIC = NO;
				GCC_NO_COMMON_BLOCKS = YES;
				GCC_OPTIMIZATION_LEVEL = 0;
				GCC_PREPROCESSOR_DEFINITIONS = (
					"DEBUG=1",
					"$(inherited)",
				);
				GCC_WARN_64_TO_32_BIT_CONVERSION = YES;
				GCC_WARN_ABOUT_RETURN_TYPE = YES_ERROR;
				GCC_WARN_UNDECLARED_SELECTOR = YES;
				GCC_WARN_UNINITIALIZED_AUTOS = YES_AGGRESSIVE;
				GCC_WARN_UNUSED_FUNCTION = YES;
				GCC_WARN_UNUSED_VARIABLE = YES;
				IPHONEOS_DEPLOYMENT_TARGET = 17.2;
				LOCALIZATION_PREFERS_STRING_CATALOGS = YES;
				MTL_ENABLE_DEBUG_INFO = INCLUDE_SOURCE;
				MTL_FAST_MATH = YES;
				ONLY_ACTIVE_ARCH = YES;
				SDKROOT = iphoneos;
				SWIFT_ACTIVE_COMPILATION_CONDITIONS = "DEBUG $(inherited)";
				SWIFT_OPTIMIZATION_LEVEL = "-Onone";
			};
			name = Debug;
		};
		5E02D2902B6EBE4D004A003E /* Release */ = {
			isa = XCBuildConfiguration;
			buildSettings = {
				ALWAYS_SEARCH_USER_PATHS = NO;
				ASSETCATALOG_COMPILER_GENERATE_SWIFT_ASSET_SYMBOL_EXTENSIONS = YES;
				CLANG_ANALYZER_NONNULL = YES;
				CLANG_ANALYZER_NUMBER_OBJECT_CONVERSION = YES_AGGRESSIVE;
				CLANG_CXX_LANGUAGE_STANDARD = "gnu++20";
				CLANG_ENABLE_MODULES = YES;
				CLANG_ENABLE_OBJC_ARC = YES;
				CLANG_ENABLE_OBJC_WEAK = YES;
				CLANG_WARN_BLOCK_CAPTURE_AUTORELEASING = YES;
				CLANG_WARN_BOOL_CONVERSION = YES;
				CLANG_WARN_COMMA = YES;
				CLANG_WARN_CONSTANT_CONVERSION = YES;
				CLANG_WARN_DEPRECATED_OBJC_IMPLEMENTATIONS = YES;
				CLANG_WARN_DIRECT_OBJC_ISA_USAGE = YES_ERROR;
				CLANG_WARN_DOCUMENTATION_COMMENTS = YES;
				CLANG_WARN_EMPTY_BODY = YES;
				CLANG_WARN_ENUM_CONVERSION = YES;
				CLANG_WARN_INFINITE_RECURSION = YES;
				CLANG_WARN_INT_CONVERSION = YES;
				CLANG_WARN_NON_LITERAL_NULL_CONVERSION = YES;
				CLANG_WARN_OBJC_IMPLICIT_RETAIN_SELF = YES;
				CLANG_WARN_OBJC_LITERAL_CONVERSION = YES;
				CLANG_WARN_OBJC_ROOT_CLASS = YES_ERROR;
				CLANG_WARN_QUOTED_INCLUDE_IN_FRAMEWORK_HEADER = YES;
				CLANG_WARN_RANGE_LOOP_ANALYSIS = YES;
				CLANG_WARN_STRICT_PROTOTYPES = YES;
				CLANG_WARN_SUSPICIOUS_MOVE = YES;
				CLANG_WARN_UNGUARDED_AVAILABILITY = YES_AGGRESSIVE;
				CLANG_WARN_UNREACHABLE_CODE = YES;
				CLANG_WARN__DUPLICATE_METHOD_MATCH = YES;
				COPY_PHASE_STRIP = NO;
				DEBUG_INFORMATION_FORMAT = "dwarf-with-dsym";
				ENABLE_NS_ASSERTIONS = NO;
				ENABLE_STRICT_OBJC_MSGSEND = YES;
				ENABLE_USER_SCRIPT_SANDBOXING = YES;
				GCC_C_LANGUAGE_STANDARD = gnu17;
				GCC_NO_COMMON_BLOCKS = YES;
				GCC_WARN_64_TO_32_BIT_CONVERSION = YES;
				GCC_WARN_ABOUT_RETURN_TYPE = YES_ERROR;
				GCC_WARN_UNDECLARED_SELECTOR = YES;
				GCC_WARN_UNINITIALIZED_AUTOS = YES_AGGRESSIVE;
				GCC_WARN_UNUSED_FUNCTION = YES;
				GCC_WARN_UNUSED_VARIABLE = YES;
				IPHONEOS_DEPLOYMENT_TARGET = 17.2;
				LOCALIZATION_PREFERS_STRING_CATALOGS = YES;
				MTL_ENABLE_DEBUG_INFO = NO;
				MTL_FAST_MATH = YES;
				SDKROOT = iphoneos;
				SWIFT_COMPILATION_MODE = wholemodule;
				VALIDATE_PRODUCT = YES;
			};
			name = Release;
		};
		5E02D2922B6EBE4D004A003E /* Debug */ = {
			isa = XCBuildConfiguration;
			buildSettings = {
				ASSETCATALOG_COMPILER_APPICON_NAME = AppIcon;
				ASSETCATALOG_COMPILER_GLOBAL_ACCENT_COLOR_NAME = AccentColor;
				CODE_SIGN_STYLE = Automatic;
				CURRENT_PROJECT_VERSION = 1;
				DEVELOPMENT_TEAM = UY7S7HWX9K;
				GENERATE_INFOPLIST_FILE = YES;
				INFOPLIST_FILE = "Teste iOS Aiq/Info.plist";
				INFOPLIST_KEY_UIApplicationSupportsIndirectInputEvents = YES;
				INFOPLIST_KEY_UILaunchStoryboardName = LaunchScreen;
				INFOPLIST_KEY_UIMainStoryboardFile = Main;
				INFOPLIST_KEY_UISupportedInterfaceOrientations_iPad = "UIInterfaceOrientationPortrait UIInterfaceOrientationPortraitUpsideDown UIInterfaceOrientationLandscapeLeft UIInterfaceOrientationLandscapeRight";
				INFOPLIST_KEY_UISupportedInterfaceOrientations_iPhone = "UIInterfaceOrientationPortrait UIInterfaceOrientationLandscapeLeft UIInterfaceOrientationLandscapeRight";
				LD_RUNPATH_SEARCH_PATHS = (
					"$(inherited)",
					"@executable_path/Frameworks",
				);
				MARKETING_VERSION = 1.0;
				PRODUCT_BUNDLE_IDENTIFIER = "com.brunothuma.Teste-iOS-Aiq";
				PRODUCT_NAME = "$(TARGET_NAME)";
				SWIFT_EMIT_LOC_STRINGS = YES;
				SWIFT_VERSION = 5.0;
				TARGETED_DEVICE_FAMILY = "1,2";
			};
			name = Debug;
		};
		5E02D2932B6EBE4D004A003E /* Release */ = {
			isa = XCBuildConfiguration;
			buildSettings = {
				ASSETCATALOG_COMPILER_APPICON_NAME = AppIcon;
				ASSETCATALOG_COMPILER_GLOBAL_ACCENT_COLOR_NAME = AccentColor;
				CODE_SIGN_STYLE = Automatic;
				CURRENT_PROJECT_VERSION = 1;
				DEVELOPMENT_TEAM = UY7S7HWX9K;
				GENERATE_INFOPLIST_FILE = YES;
				INFOPLIST_FILE = "Teste iOS Aiq/Info.plist";
				INFOPLIST_KEY_UIApplicationSupportsIndirectInputEvents = YES;
				INFOPLIST_KEY_UILaunchStoryboardName = LaunchScreen;
				INFOPLIST_KEY_UIMainStoryboardFile = Main;
				INFOPLIST_KEY_UISupportedInterfaceOrientations_iPad = "UIInterfaceOrientationPortrait UIInterfaceOrientationPortraitUpsideDown UIInterfaceOrientationLandscapeLeft UIInterfaceOrientationLandscapeRight";
				INFOPLIST_KEY_UISupportedInterfaceOrientations_iPhone = "UIInterfaceOrientationPortrait UIInterfaceOrientationLandscapeLeft UIInterfaceOrientationLandscapeRight";
				LD_RUNPATH_SEARCH_PATHS = (
					"$(inherited)",
					"@executable_path/Frameworks",
				);
				MARKETING_VERSION = 1.0;
				PRODUCT_BUNDLE_IDENTIFIER = "com.brunothuma.Teste-iOS-Aiq";
				PRODUCT_NAME = "$(TARGET_NAME)";
				SWIFT_EMIT_LOC_STRINGS = YES;
				SWIFT_VERSION = 5.0;
				TARGETED_DEVICE_FAMILY = "1,2";
			};
			name = Release;
		};
		5E02D2952B6EBE4D004A003E /* Debug */ = {
			isa = XCBuildConfiguration;
			buildSettings = {
				ALWAYS_EMBED_SWIFT_STANDARD_LIBRARIES = YES;
				BUNDLE_LOADER = "$(TEST_HOST)";
				CODE_SIGN_STYLE = Automatic;
				CURRENT_PROJECT_VERSION = 1;
				DEVELOPMENT_TEAM = UY7S7HWX9K;
				GENERATE_INFOPLIST_FILE = YES;
				IPHONEOS_DEPLOYMENT_TARGET = 17.2;
				MARKETING_VERSION = 1.0;
				PRODUCT_BUNDLE_IDENTIFIER = "com.brunothuma.Teste-iOS-AiqTests";
				PRODUCT_NAME = "$(TARGET_NAME)";
				SWIFT_EMIT_LOC_STRINGS = NO;
				SWIFT_VERSION = 5.0;
				TARGETED_DEVICE_FAMILY = "1,2";
				TEST_HOST = "$(BUILT_PRODUCTS_DIR)/Teste iOS Aiq.app/$(BUNDLE_EXECUTABLE_FOLDER_PATH)/Teste iOS Aiq";
			};
			name = Debug;
		};
		5E02D2962B6EBE4D004A003E /* Release */ = {
			isa = XCBuildConfiguration;
			buildSettings = {
				ALWAYS_EMBED_SWIFT_STANDARD_LIBRARIES = YES;
				BUNDLE_LOADER = "$(TEST_HOST)";
				CODE_SIGN_STYLE = Automatic;
				CURRENT_PROJECT_VERSION = 1;
				DEVELOPMENT_TEAM = UY7S7HWX9K;
				GENERATE_INFOPLIST_FILE = YES;
				IPHONEOS_DEPLOYMENT_TARGET = 17.2;
				MARKETING_VERSION = 1.0;
				PRODUCT_BUNDLE_IDENTIFIER = "com.brunothuma.Teste-iOS-AiqTests";
				PRODUCT_NAME = "$(TARGET_NAME)";
				SWIFT_EMIT_LOC_STRINGS = NO;
				SWIFT_VERSION = 5.0;
				TARGETED_DEVICE_FAMILY = "1,2";
				TEST_HOST = "$(BUILT_PRODUCTS_DIR)/Teste iOS Aiq.app/$(BUNDLE_EXECUTABLE_FOLDER_PATH)/Teste iOS Aiq";
			};
			name = Release;
		};
		5E02D2982B6EBE4D004A003E /* Debug */ = {
			isa = XCBuildConfiguration;
			buildSettings = {
				ALWAYS_EMBED_SWIFT_STANDARD_LIBRARIES = YES;
				CODE_SIGN_STYLE = Automatic;
				CURRENT_PROJECT_VERSION = 1;
				DEVELOPMENT_TEAM = UY7S7HWX9K;
				GENERATE_INFOPLIST_FILE = YES;
				MARKETING_VERSION = 1.0;
				PRODUCT_BUNDLE_IDENTIFIER = "com.brunothuma.Teste-iOS-AiqUITests";
				PRODUCT_NAME = "$(TARGET_NAME)";
				SWIFT_EMIT_LOC_STRINGS = NO;
				SWIFT_VERSION = 5.0;
				TARGETED_DEVICE_FAMILY = "1,2";
				TEST_TARGET_NAME = "Teste iOS Aiq";
			};
			name = Debug;
		};
		5E02D2992B6EBE4D004A003E /* Release */ = {
			isa = XCBuildConfiguration;
			buildSettings = {
				ALWAYS_EMBED_SWIFT_STANDARD_LIBRARIES = YES;
				CODE_SIGN_STYLE = Automatic;
				CURRENT_PROJECT_VERSION = 1;
				DEVELOPMENT_TEAM = UY7S7HWX9K;
				GENERATE_INFOPLIST_FILE = YES;
				MARKETING_VERSION = 1.0;
				PRODUCT_BUNDLE_IDENTIFIER = "com.brunothuma.Teste-iOS-AiqUITests";
				PRODUCT_NAME = "$(TARGET_NAME)";
				SWIFT_EMIT_LOC_STRINGS = NO;
				SWIFT_VERSION = 5.0;
				TARGETED_DEVICE_FAMILY = "1,2";
				TEST_TARGET_NAME = "Teste iOS Aiq";
			};
			name = Release;
		};
/* End XCBuildConfiguration section */

/* Begin XCConfigurationList section */
		5E02D2622B6EBE4B004A003E /* Build configuration list for PBXProject "Teste iOS Aiq" */ = {
			isa = XCConfigurationList;
			buildConfigurations = (
				5E02D28F2B6EBE4D004A003E /* Debug */,
				5E02D2902B6EBE4D004A003E /* Release */,
			);
			defaultConfigurationIsVisible = 0;
			defaultConfigurationName = Release;
		};
		5E02D2912B6EBE4D004A003E /* Build configuration list for PBXNativeTarget "Teste iOS Aiq" */ = {
			isa = XCConfigurationList;
			buildConfigurations = (
				5E02D2922B6EBE4D004A003E /* Debug */,
				5E02D2932B6EBE4D004A003E /* Release */,
			);
			defaultConfigurationIsVisible = 0;
			defaultConfigurationName = Release;
		};
		5E02D2942B6EBE4D004A003E /* Build configuration list for PBXNativeTarget "Teste iOS AiqTests" */ = {
			isa = XCConfigurationList;
			buildConfigurations = (
				5E02D2952B6EBE4D004A003E /* Debug */,
				5E02D2962B6EBE4D004A003E /* Release */,
			);
			defaultConfigurationIsVisible = 0;
			defaultConfigurationName = Release;
		};
		5E02D2972B6EBE4D004A003E /* Build configuration list for PBXNativeTarget "Teste iOS AiqUITests" */ = {
			isa = XCConfigurationList;
			buildConfigurations = (
				5E02D2982B6EBE4D004A003E /* Debug */,
				5E02D2992B6EBE4D004A003E /* Release */,
			);
			defaultConfigurationIsVisible = 0;
			defaultConfigurationName = Release;
		};
/* End XCConfigurationList section */
	};
	rootObject = 5E02D25F2B6EBE4B004A003E /* Project object */;
}
